
Microsoft Visual Studio Solution File, Format Version 12.00
# Visual Studio Version 16
VisualStudioVersion = 16.0.30114.105
MinimumVisualStudioVersion = 10.0.40219.1
Project("{FAE04EC0-301F-11D3-BF4B-00C04F79EFBC}") = "Aplicacoes.Application", "Aplicacoes.Application\Aplicacoes.Application.csproj", "{9E647822-C6DA-4A77-B42F-A4D9090293FE}"
EndProject
Project("{FAE04EC0-301F-11D3-BF4B-00C04F79EFBC}") = "Aplicacoes.Domain", "Aplicacoes.Domain\Aplicacoes.Domain.csproj", "{533A6937-9B99-4AFF-8835-99F6B806F62D}"
EndProject
Project("{FAE04EC0-301F-11D3-BF4B-00C04F79EFBC}") = "Aplicacoes.API", "Aplicacoes.API\Aplicacoes.API.csproj", "{57C0E1A2-2FF1-4138-94BB-DADA70370DA6}"
EndProject
Project("{FAE04EC0-301F-11D3-BF4B-00C04F79EFBC}") = "Aplicacoes.Persistence", "Aplicacoes.Persistence\Aplicacoes.Persistence.csproj", "{79697704-E07C-4487-B055-7368F0D775D3}"
EndProject
Global
	GlobalSection(SolutionConfigurationPlatforms) = preSolution
		Debug|Any CPU = Debug|Any CPU
		Debug|x64 = Debug|x64
		Debug|x86 = Debug|x86
		Release|Any CPU = Release|Any CPU
		Release|x64 = Release|x64
		Release|x86 = Release|x86
	EndGlobalSection
	GlobalSection(SolutionProperties) = preSolution
		HideSolutionNode = FALSE
	EndGlobalSection
	GlobalSection(ProjectConfigurationPlatforms) = postSolution
		{9E647822-C6DA-4A77-B42F-A4D9090293FE}.Debug|Any CPU.ActiveCfg = Debug|Any CPU
		{9E647822-C6DA-4A77-B42F-A4D9090293FE}.Debug|Any CPU.Build.0 = Debug|Any CPU
		{9E647822-C6DA-4A77-B42F-A4D9090293FE}.Debug|x64.ActiveCfg = Debug|Any CPU
		{9E647822-C6DA-4A77-B42F-A4D9090293FE}.Debug|x64.Build.0 = Debug|Any CPU
		{9E647822-C6DA-4A77-B42F-A4D9090293FE}.Debug|x86.ActiveCfg = Debug|Any CPU
		{9E647822-C6DA-4A77-B42F-A4D9090293FE}.Debug|x86.Build.0 = Debug|Any CPU
		{9E647822-C6DA-4A77-B42F-A4D9090293FE}.Release|Any CPU.ActiveCfg = Release|Any CPU
		{9E647822-C6DA-4A77-B42F-A4D9090293FE}.Release|Any CPU.Build.0 = Release|Any CPU
		{9E647822-C6DA-4A77-B42F-A4D9090293FE}.Release|x64.ActiveCfg = Release|Any CPU
		{9E647822-C6DA-4A77-B42F-A4D9090293FE}.Release|x64.Build.0 = Release|Any CPU
		{9E647822-C6DA-4A77-B42F-A4D9090293FE}.Release|x86.ActiveCfg = Release|Any CPU
		{9E647822-C6DA-4A77-B42F-A4D9090293FE}.Release|x86.Build.0 = Release|Any CPU
		{533A6937-9B99-4AFF-8835-99F6B806F62D}.Debug|Any CPU.ActiveCfg = Debug|Any CPU
		{533A6937-9B99-4AFF-8835-99F6B806F62D}.Debug|Any CPU.Build.0 = Debug|Any CPU
		{533A6937-9B99-4AFF-8835-99F6B806F62D}.Debug|x64.ActiveCfg = Debug|Any CPU
		{533A6937-9B99-4AFF-8835-99F6B806F62D}.Debug|x64.Build.0 = Debug|Any CPU
		{533A6937-9B99-4AFF-8835-99F6B806F62D}.Debug|x86.ActiveCfg = Debug|Any CPU
		{533A6937-9B99-4AFF-8835-99F6B806F62D}.Debug|x86.Build.0 = Debug|Any CPU
		{533A6937-9B99-4AFF-8835-99F6B806F62D}.Release|Any CPU.ActiveCfg = Release|Any CPU
		{533A6937-9B99-4AFF-8835-99F6B806F62D}.Release|Any CPU.Build.0 = Release|Any CPU
		{533A6937-9B99-4AFF-8835-99F6B806F62D}.Release|x64.ActiveCfg = Release|Any CPU
		{533A6937-9B99-4AFF-8835-99F6B806F62D}.Release|x64.Build.0 = Release|Any CPU
		{533A6937-9B99-4AFF-8835-99F6B806F62D}.Release|x86.ActiveCfg = Release|Any CPU
		{533A6937-9B99-4AFF-8835-99F6B806F62D}.Release|x86.Build.0 = Release|Any CPU
		{57C0E1A2-2FF1-4138-94BB-DADA70370DA6}.Debug|Any CPU.ActiveCfg = Debug|Any CPU
		{57C0E1A2-2FF1-4138-94BB-DADA70370DA6}.Debug|Any CPU.Build.0 = Debug|Any CPU
		{57C0E1A2-2FF1-4138-94BB-DADA70370DA6}.Debug|x64.ActiveCfg = Debug|Any CPU
		{57C0E1A2-2FF1-4138-94BB-DADA70370DA6}.Debug|x64.Build.0 = Debug|Any CPU
		{57C0E1A2-2FF1-4138-94BB-DADA70370DA6}.Debug|x86.ActiveCfg = Debug|Any CPU
		{57C0E1A2-2FF1-4138-94BB-DADA70370DA6}.Debug|x86.Build.0 = Debug|Any CPU
		{57C0E1A2-2FF1-4138-94BB-DADA70370DA6}.Release|Any CPU.ActiveCfg = Release|Any CPU
		{57C0E1A2-2FF1-4138-94BB-DADA70370DA6}.Release|Any CPU.Build.0 = Release|Any CPU
		{57C0E1A2-2FF1-4138-94BB-DADA70370DA6}.Release|x64.ActiveCfg = Release|Any CPU
		{57C0E1A2-2FF1-4138-94BB-DADA70370DA6}.Release|x64.Build.0 = Release|Any CPU
		{57C0E1A2-2FF1-4138-94BB-DADA70370DA6}.Release|x86.ActiveCfg = Release|Any CPU
		{57C0E1A2-2FF1-4138-94BB-DADA70370DA6}.Release|x86.Build.0 = Release|Any CPU
		{79697704-E07C-4487-B055-7368F0D775D3}.Debug|Any CPU.ActiveCfg = Debug|Any CPU
		{79697704-E07C-4487-B055-7368F0D775D3}.Debug|Any CPU.Build.0 = Debug|Any CPU
		{79697704-E07C-4487-B055-7368F0D775D3}.Debug|x64.ActiveCfg = Debug|Any CPU
		{79697704-E07C-4487-B055-7368F0D775D3}.Debug|x64.Build.0 = Debug|Any CPU
		{79697704-E07C-4487-B055-7368F0D775D3}.Debug|x86.ActiveCfg = Debug|Any CPU
		{79697704-E07C-4487-B055-7368F0D775D3}.Debug|x86.Build.0 = Debug|Any CPU
		{79697704-E07C-4487-B055-7368F0D775D3}.Release|Any CPU.ActiveCfg = Release|Any CPU
		{79697704-E07C-4487-B055-7368F0D775D3}.Release|Any CPU.Build.0 = Release|Any CPU
		{79697704-E07C-4487-B055-7368F0D775D3}.Release|x64.ActiveCfg = Release|Any CPU
		{79697704-E07C-4487-B055-7368F0D775D3}.Release|x64.Build.0 = Release|Any CPU
		{79697704-E07C-4487-B055-7368F0D775D3}.Release|x86.ActiveCfg = Release|Any CPU
		{79697704-E07C-4487-B055-7368F0D775D3}.Release|x86.Build.0 = Release|Any CPU
	EndGlobalSection
EndGlobal
